// !$*UTF8*$!
{
	archiveVersion = 1;
	classes = {
	};
	objectVersion = 46;
	objects = {

/* Begin PBXBuildFile section */
		B53FD9F61D62050A00AD8549 /* AppDelegate.swift in Sources */ = {isa = PBXBuildFile; fileRef = B53FD9F51D62050A00AD8549 /* AppDelegate.swift */; };
		B53FD9FB1D62050A00AD8549 /* Main.storyboard in Resources */ = {isa = PBXBuildFile; fileRef = B53FD9F91D62050A00AD8549 /* Main.storyboard */; };
		B53FD9FD1D62050A00AD8549 /* Assets.xcassets in Resources */ = {isa = PBXBuildFile; fileRef = B53FD9FC1D62050A00AD8549 /* Assets.xcassets */; };
		B53FDA0B1D62050A00AD8549 /* WeiBo_SwiftTests.swift in Sources */ = {isa = PBXBuildFile; fileRef = B53FDA0A1D62050A00AD8549 /* WeiBo_SwiftTests.swift */; };
		B53FDA161D62050A00AD8549 /* WeiBo_SwiftUITests.swift in Sources */ = {isa = PBXBuildFile; fileRef = B53FDA151D62050A00AD8549 /* WeiBo_SwiftUITests.swift */; };
		B53FDA2C1D620AF800AD8549 /* MainViewController.swift in Sources */ = {isa = PBXBuildFile; fileRef = B53FDA2B1D620AF800AD8549 /* MainViewController.swift */; };
		B53FDA2E1D620B2100AD8549 /* HomeTableViewController.swift in Sources */ = {isa = PBXBuildFile; fileRef = B53FDA2D1D620B2100AD8549 /* HomeTableViewController.swift */; };
		B53FDA301D620B2A00AD8549 /* MessageTableViewController.swift in Sources */ = {isa = PBXBuildFile; fileRef = B53FDA2F1D620B2A00AD8549 /* MessageTableViewController.swift */; };
		B53FDA321D620B4700AD8549 /* DescoverTableViewController.swift in Sources */ = {isa = PBXBuildFile; fileRef = B53FDA311D620B4700AD8549 /* DescoverTableViewController.swift */; };
		B53FDA341D620B5900AD8549 /* ProfileTableViewController.swift in Sources */ = {isa = PBXBuildFile; fileRef = B53FDA331D620B5900AD8549 /* ProfileTableViewController.swift */; };
/* End PBXBuildFile section */

/* Begin PBXContainerItemProxy section */
		B53FDA071D62050A00AD8549 /* PBXContainerItemProxy */ = {
			isa = PBXContainerItemProxy;
			containerPortal = B53FD9EA1D62050A00AD8549 /* Project object */;
			proxyType = 1;
			remoteGlobalIDString = B53FD9F11D62050A00AD8549;
			remoteInfo = WeiBo_Swift;
		};
		B53FDA121D62050A00AD8549 /* PBXContainerItemProxy */ = {
			isa = PBXContainerItemProxy;
			containerPortal = B53FD9EA1D62050A00AD8549 /* Project object */;
			proxyType = 1;
			remoteGlobalIDString = B53FD9F11D62050A00AD8549;
			remoteInfo = WeiBo_Swift;
		};
/* End PBXContainerItemProxy section */

/* Begin PBXFileReference section */
		B53FD9F21D62050A00AD8549 /* WeiBo_Swift.app */ = {isa = PBXFileReference; explicitFileType = wrapper.application; includeInIndex = 0; path = WeiBo_Swift.app; sourceTree = BUILT_PRODUCTS_DIR; };
		B53FD9F51D62050A00AD8549 /* AppDelegate.swift */ = {isa = PBXFileReference; lastKnownFileType = sourcecode.swift; path = AppDelegate.swift; sourceTree = "<group>"; };
		B53FD9FA1D62050A00AD8549 /* Base */ = {isa = PBXFileReference; lastKnownFileType = file.storyboard; name = Base; path = Base.lproj/Main.storyboard; sourceTree = "<group>"; };
		B53FD9FC1D62050A00AD8549 /* Assets.xcassets */ = {isa = PBXFileReference; lastKnownFileType = folder.assetcatalog; path = Assets.xcassets; sourceTree = "<group>"; };
		B53FDA011D62050A00AD8549 /* Info.plist */ = {isa = PBXFileReference; lastKnownFileType = text.plist.xml; path = Info.plist; sourceTree = "<group>"; };
		B53FDA061D62050A00AD8549 /* WeiBo_SwiftTests.xctest */ = {isa = PBXFileReference; explicitFileType = wrapper.cfbundle; includeInIndex = 0; path = WeiBo_SwiftTests.xctest; sourceTree = BUILT_PRODUCTS_DIR; };
		B53FDA0A1D62050A00AD8549 /* WeiBo_SwiftTests.swift */ = {isa = PBXFileReference; lastKnownFileType = sourcecode.swift; path = WeiBo_SwiftTests.swift; sourceTree = "<group>"; };
		B53FDA0C1D62050A00AD8549 /* Info.plist */ = {isa = PBXFileReference; lastKnownFileType = text.plist.xml; path = Info.plist; sourceTree = "<group>"; };
		B53FDA111D62050A00AD8549 /* WeiBo_SwiftUITests.xctest */ = {isa = PBXFileReference; explicitFileType = wrapper.cfbundle; includeInIndex = 0; path = WeiBo_SwiftUITests.xctest; sourceTree = BUILT_PRODUCTS_DIR; };
		B53FDA151D62050A00AD8549 /* WeiBo_SwiftUITests.swift */ = {isa = PBXFileReference; lastKnownFileType = sourcecode.swift; path = WeiBo_SwiftUITests.swift; sourceTree = "<group>"; };
		B53FDA171D62050A00AD8549 /* Info.plist */ = {isa = PBXFileReference; lastKnownFileType = text.plist.xml; path = Info.plist; sourceTree = "<group>"; };
		B53FDA2B1D620AF800AD8549 /* MainViewController.swift */ = {isa = PBXFileReference; fileEncoding = 4; lastKnownFileType = sourcecode.swift; path = MainViewController.swift; sourceTree = "<group>"; };
		B53FDA2D1D620B2100AD8549 /* HomeTableViewController.swift */ = {isa = PBXFileReference; fileEncoding = 4; lastKnownFileType = sourcecode.swift; path = HomeTableViewController.swift; sourceTree = "<group>"; };
		B53FDA2F1D620B2A00AD8549 /* MessageTableViewController.swift */ = {isa = PBXFileReference; fileEncoding = 4; lastKnownFileType = sourcecode.swift; path = MessageTableViewController.swift; sourceTree = "<group>"; };
		B53FDA311D620B4700AD8549 /* DescoverTableViewController.swift */ = {isa = PBXFileReference; fileEncoding = 4; lastKnownFileType = sourcecode.swift; path = DescoverTableViewController.swift; sourceTree = "<group>"; };
		B53FDA331D620B5900AD8549 /* ProfileTableViewController.swift */ = {isa = PBXFileReference; fileEncoding = 4; lastKnownFileType = sourcecode.swift; path = ProfileTableViewController.swift; sourceTree = "<group>"; };
/* End PBXFileReference section */

/* Begin PBXFrameworksBuildPhase section */
		B53FD9EF1D62050A00AD8549 /* Frameworks */ = {
			isa = PBXFrameworksBuildPhase;
			buildActionMask = 2147483647;
			files = (
			);
			runOnlyForDeploymentPostprocessing = 0;
		};
		B53FDA031D62050A00AD8549 /* Frameworks */ = {
			isa = PBXFrameworksBuildPhase;
			buildActionMask = 2147483647;
			files = (
			);
			runOnlyForDeploymentPostprocessing = 0;
		};
		B53FDA0E1D62050A00AD8549 /* Frameworks */ = {
			isa = PBXFrameworksBuildPhase;
			buildActionMask = 2147483647;
			files = (
			);
			runOnlyForDeploymentPostprocessing = 0;
		};
/* End PBXFrameworksBuildPhase section */

/* Begin PBXGroup section */
		B53FD9E91D62050A00AD8549 = {
			isa = PBXGroup;
			children = (
				B53FD9F41D62050A00AD8549 /* WeiBo_Swift */,
				B53FDA091D62050A00AD8549 /* WeiBo_SwiftTests */,
				B53FDA141D62050A00AD8549 /* WeiBo_SwiftUITests */,
				B53FD9F31D62050A00AD8549 /* Products */,
			);
			sourceTree = "<group>";
		};
		B53FD9F31D62050A00AD8549 /* Products */ = {
			isa = PBXGroup;
			children = (
				B53FD9F21D62050A00AD8549 /* WeiBo_Swift.app */,
				B53FDA061D62050A00AD8549 /* WeiBo_SwiftTests.xctest */,
				B53FDA111D62050A00AD8549 /* WeiBo_SwiftUITests.xctest */,
			);
			name = Products;
			sourceTree = "<group>";
		};
		B53FD9F41D62050A00AD8549 /* WeiBo_Swift */ = {
			isa = PBXGroup;
			children = (
				B53FD9F51D62050A00AD8549 /* AppDelegate.swift */,
				B53FDA231D620A3000AD8549 /* Class */,
				B53FD9F91D62050A00AD8549 /* Main.storyboard */,
				B53FD9FC1D62050A00AD8549 /* Assets.xcassets */,
				B53FDA011D62050A00AD8549 /* Info.plist */,
			);
			path = WeiBo_Swift;
			sourceTree = "<group>";
		};
		B53FDA091D62050A00AD8549 /* WeiBo_SwiftTests */ = {
			isa = PBXGroup;
			children = (
				B53FDA0A1D62050A00AD8549 /* WeiBo_SwiftTests.swift */,
				B53FDA0C1D62050A00AD8549 /* Info.plist */,
			);
			path = WeiBo_SwiftTests;
			sourceTree = "<group>";
		};
		B53FDA141D62050A00AD8549 /* WeiBo_SwiftUITests */ = {
			isa = PBXGroup;
			children = (
				B53FDA151D62050A00AD8549 /* WeiBo_SwiftUITests.swift */,
				B53FDA171D62050A00AD8549 /* Info.plist */,
			);
			path = WeiBo_SwiftUITests;
			sourceTree = "<group>";
		};
		B53FDA231D620A3000AD8549 /* Class */ = {
			isa = PBXGroup;
			children = (
				B53FDA2A1D620AD900AD8549 /* Main */,
				B53FDA241D620A3000AD8549 /* Common */,
				B53FDA251D620A3000AD8549 /* Descover */,
				B53FDA261D620A3000AD8549 /* Home */,
				B53FDA271D620A3000AD8549 /* Message */,
				B53FDA281D620A3000AD8549 /* Profile */,
				B53FDA291D620A3000AD8549 /* Tools */,
			);
			path = Class;
			sourceTree = "<group>";
		};
		B53FDA241D620A3000AD8549 /* Common */ = {
			isa = PBXGroup;
			children = (
			);
			path = Common;
			sourceTree = "<group>";
		};
		B53FDA251D620A3000AD8549 /* Descover */ = {
			isa = PBXGroup;
			children = (
				B53FDA311D620B4700AD8549 /* DescoverTableViewController.swift */,
			);
			path = Descover;
			sourceTree = "<group>";
		};
		B53FDA261D620A3000AD8549 /* Home */ = {
			isa = PBXGroup;
			children = (
				B53FDA2D1D620B2100AD8549 /* HomeTableViewController.swift */,
			);
			path = Home;
			sourceTree = "<group>";
		};
		B53FDA271D620A3000AD8549 /* Message */ = {
			isa = PBXGroup;
			children = (
				B53FDA2F1D620B2A00AD8549 /* MessageTableViewController.swift */,
			);
			path = Message;
			sourceTree = "<group>";
		};
		B53FDA281D620A3000AD8549 /* Profile */ = {
			isa = PBXGroup;
			children = (
				B53FDA331D620B5900AD8549 /* ProfileTableViewController.swift */,
			);
			path = Profile;
			sourceTree = "<group>";
		};
		B53FDA291D620A3000AD8549 /* Tools */ = {
			isa = PBXGroup;
			children = (
			);
			path = Tools;
			sourceTree = "<group>";
		};
		B53FDA2A1D620AD900AD8549 /* Main */ = {
			isa = PBXGroup;
			children = (
				B53FDA2B1D620AF800AD8549 /* MainViewController.swift */,
			);
			path = Main;
			sourceTree = "<group>";
		};
/* End PBXGroup section */

/* Begin PBXNativeTarget section */
		B53FD9F11D62050A00AD8549 /* WeiBo_Swift */ = {
			isa = PBXNativeTarget;
			buildConfigurationList = B53FDA1A1D62050A00AD8549 /* Build configuration list for PBXNativeTarget "WeiBo_Swift" */;
			buildPhases = (
				B53FD9EE1D62050A00AD8549 /* Sources */,
				B53FD9EF1D62050A00AD8549 /* Frameworks */,
				B53FD9F01D62050A00AD8549 /* Resources */,
			);
			buildRules = (
			);
			dependencies = (
			);
			name = WeiBo_Swift;
			productName = WeiBo_Swift;
			productReference = B53FD9F21D62050A00AD8549 /* WeiBo_Swift.app */;
			productType = "com.apple.product-type.application";
		};
		B53FDA051D62050A00AD8549 /* WeiBo_SwiftTests */ = {
			isa = PBXNativeTarget;
			buildConfigurationList = B53FDA1D1D62050A00AD8549 /* Build configuration list for PBXNativeTarget "WeiBo_SwiftTests" */;
			buildPhases = (
				B53FDA021D62050A00AD8549 /* Sources */,
				B53FDA031D62050A00AD8549 /* Frameworks */,
				B53FDA041D62050A00AD8549 /* Resources */,
			);
			buildRules = (
			);
			dependencies = (
				B53FDA081D62050A00AD8549 /* PBXTargetDependency */,
			);
			name = WeiBo_SwiftTests;
			productName = WeiBo_SwiftTests;
			productReference = B53FDA061D62050A00AD8549 /* WeiBo_SwiftTests.xctest */;
			productType = "com.apple.product-type.bundle.unit-test";
		};
		B53FDA101D62050A00AD8549 /* WeiBo_SwiftUITests */ = {
			isa = PBXNativeTarget;
			buildConfigurationList = B53FDA201D62050A00AD8549 /* Build configuration list for PBXNativeTarget "WeiBo_SwiftUITests" */;
			buildPhases = (
				B53FDA0D1D62050A00AD8549 /* Sources */,
				B53FDA0E1D62050A00AD8549 /* Frameworks */,
				B53FDA0F1D62050A00AD8549 /* Resources */,
			);
			buildRules = (
			);
			dependencies = (
				B53FDA131D62050A00AD8549 /* PBXTargetDependency */,
			);
			name = WeiBo_SwiftUITests;
			productName = WeiBo_SwiftUITests;
			productReference = B53FDA111D62050A00AD8549 /* WeiBo_SwiftUITests.xctest */;
			productType = "com.apple.product-type.bundle.ui-testing";
		};
/* End PBXNativeTarget section */

/* Begin PBXProject section */
		B53FD9EA1D62050A00AD8549 /* Project object */ = {
			isa = PBXProject;
			attributes = {
				LastSwiftUpdateCheck = 0730;
				LastUpgradeCheck = 0730;
				ORGANIZATIONNAME = cen;
				TargetAttributes = {
					B53FD9F11D62050A00AD8549 = {
						CreatedOnToolsVersion = 7.3.1;
					};
					B53FDA051D62050A00AD8549 = {
						CreatedOnToolsVersion = 7.3.1;
						TestTargetID = B53FD9F11D62050A00AD8549;
					};
					B53FDA101D62050A00AD8549 = {
						CreatedOnToolsVersion = 7.3.1;
						TestTargetID = B53FD9F11D62050A00AD8549;
					};
				};
			};
			buildConfigurationList = B53FD9ED1D62050A00AD8549 /* Build configuration list for PBXProject "WeiBo_Swift" */;
			compatibilityVersion = "Xcode 3.2";
			developmentRegion = English;
			hasScannedForEncodings = 0;
			knownRegions = (
				en,
				Base,
			);
			mainGroup = B53FD9E91D62050A00AD8549;
			productRefGroup = B53FD9F31D62050A00AD8549 /* Products */;
			projectDirPath = "";
			projectRoot = "";
			targets = (
				B53FD9F11D62050A00AD8549 /* WeiBo_Swift */,
				B53FDA051D62050A00AD8549 /* WeiBo_SwiftTests */,
				B53FDA101D62050A00AD8549 /* WeiBo_SwiftUITests */,
			);
		};
/* End PBXProject section */

/* Begin PBXResourcesBuildPhase section */
		B53FD9F01D62050A00AD8549 /* Resources */ = {
			isa = PBXResourcesBuildPhase;
			buildActionMask = 2147483647;
			files = (
				B53FD9FD1D62050A00AD8549 /* Assets.xcassets in Resources */,
				B53FD9FB1D62050A00AD8549 /* Main.storyboard in Resources */,
			);
			runOnlyForDeploymentPostprocessing = 0;
		};
		B53FDA041D62050A00AD8549 /* Resources */ = {
			isa = PBXResourcesBuildPhase;
			buildActionMask = 2147483647;
			files = (
			);
			runOnlyForDeploymentPostprocessing = 0;
		};
		B53FDA0F1D62050A00AD8549 /* Resources */ = {
			isa = PBXResourcesBuildPhase;
			buildActionMask = 2147483647;
			files = (
			);
			runOnlyForDeploymentPostprocessing = 0;
		};
/* End PBXResourcesBuildPhase section */

/* Begin PBXSourcesBuildPhase section */
		B53FD9EE1D62050A00AD8549 /* Sources */ = {
			isa = PBXSourcesBuildPhase;
			buildActionMask = 2147483647;
			files = (
				B53FDA341D620B5900AD8549 /* ProfileTableViewController.swift in Sources */,
				B53FDA2E1D620B2100AD8549 /* HomeTableViewController.swift in Sources */,
				B53FDA2C1D620AF800AD8549 /* MainViewController.swift in Sources */,
				B53FDA301D620B2A00AD8549 /* MessageTableViewController.swift in Sources */,
				B53FDA321D620B4700AD8549 /* DescoverTableViewController.swift in Sources */,
				B53FD9F61D62050A00AD8549 /* AppDelegate.swift in Sources */,
			);
			runOnlyForDeploymentPostprocessing = 0;
		};
		B53FDA021D62050A00AD8549 /* Sources */ = {
			isa = PBXSourcesBuildPhase;
			buildActionMask = 2147483647;
			files = (
				B53FDA0B1D62050A00AD8549 /* WeiBo_SwiftTests.swift in Sources */,
			);
			runOnlyForDeploymentPostprocessing = 0;
		};
		B53FDA0D1D62050A00AD8549 /* Sources */ = {
			isa = PBXSourcesBuildPhase;
			buildActionMask = 2147483647;
			files = (
				B53FDA161D62050A00AD8549 /* WeiBo_SwiftUITests.swift in Sources */,
			);
			runOnlyForDeploymentPostprocessing = 0;
		};
/* End PBXSourcesBuildPhase section */

/* Begin PBXTargetDependency section */
		B53FDA081D62050A00AD8549 /* PBXTargetDependency */ = {
			isa = PBXTargetDependency;
			target = B53FD9F11D62050A00AD8549 /* WeiBo_Swift */;
			targetProxy = B53FDA071D62050A00AD8549 /* PBXContainerItemProxy */;
		};
		B53FDA131D62050A00AD8549 /* PBXTargetDependency */ = {
			isa = PBXTargetDependency;
			target = B53FD9F11D62050A00AD8549 /* WeiBo_Swift */;
			targetProxy = B53FDA121D62050A00AD8549 /* PBXContainerItemProxy */;
		};
/* End PBXTargetDependency section */

/* Begin PBXVariantGroup section */
		B53FD9F91D62050A00AD8549 /* Main.storyboard */ = {
			isa = PBXVariantGroup;
			children = (
				B53FD9FA1D62050A00AD8549 /* Base */,
			);
			name = Main.storyboard;
			sourceTree = "<group>";
		};
/* End PBXVariantGroup section */

/* Begin XCBuildConfiguration section */
		B53FDA181D62050A00AD8549 /* Debug */ = {
			isa = XCBuildConfiguration;
			buildSettings = {
				ALWAYS_SEARCH_USER_PATHS = NO;
				CLANG_ANALYZER_NONNULL = YES;
				CLANG_CXX_LANGUAGE_STANDARD = "gnu++0x";
				CLANG_CXX_LIBRARY = "libc++";
				CLANG_ENABLE_MODULES = YES;
				CLANG_ENABLE_OBJC_ARC = YES;
				CLANG_WARN_BOOL_CONVERSION = YES;
				CLANG_WARN_CONSTANT_CONVERSION = YES;
				CLANG_WARN_DIRECT_OBJC_ISA_USAGE = YES_ERROR;
				CLANG_WARN_EMPTY_BODY = YES;
				CLANG_WARN_ENUM_CONVERSION = YES;
				CLANG_WARN_INT_CONVERSION = YES;
				CLANG_WARN_OBJC_ROOT_CLASS = YES_ERROR;
				CLANG_WARN_UNREACHABLE_CODE = YES;
				CLANG_WARN__DUPLICATE_METHOD_MATCH = YES;
				"CODE_SIGN_IDENTITY[sdk=iphoneos*]" = "iPhone Developer";
				COPY_PHASE_STRIP = NO;
				DEBUG_INFORMATION_FORMAT = dwarf;
				ENABLE_STRICT_OBJC_MSGSEND = YES;
				ENABLE_TESTABILITY = YES;
				GCC_C_LANGUAGE_STANDARD = gnu99;
				GCC_DYNAMIC_NO_PIC = NO;
				GCC_NO_COMMON_BLOCKS = YES;
				GCC_OPTIMIZATION_LEVEL = 0;
				GCC_PREPROCESSOR_DEFINITIONS = (
					"DEBUG=1",
					"$(inherited)",
				);
				GCC_WARN_64_TO_32_BIT_CONVERSION = YES;
				GCC_WARN_ABOUT_RETURN_TYPE = YES_ERROR;
				GCC_WARN_UNDECLARED_SELECTOR = YES;
				GCC_WARN_UNINITIALIZED_AUTOS = YES_AGGRESSIVE;
				GCC_WARN_UNUSED_FUNCTION = YES;
				GCC_WARN_UNUSED_VARIABLE = YES;
				IPHONEOS_DEPLOYMENT_TARGET = 9.3;
				MTL_ENABLE_DEBUG_INFO = YES;
				ONLY_ACTIVE_ARCH = YES;
				SDKROOT = iphoneos;
				SWIFT_OPTIMIZATION_LEVEL = "-Onone";
				TARGETED_DEVICE_FAMILY = "1,2";
			};
			name = Debug;
		};
		B53FDA191D62050A00AD8549 /* Release */ = {
			isa = XCBuildConfiguration;
			buildSettings = {
				ALWAYS_SEARCH_USER_PATHS = NO;
				CLANG_ANALYZER_NONNULL = YES;
				CLANG_CXX_LANGUAGE_STANDARD = "gnu++0x";
				CLANG_CXX_LIBRARY = "libc++";
				CLANG_ENABLE_MODULES = YES;
				CLANG_ENABLE_OBJC_ARC = YES;
				CLANG_WARN_BOOL_CONVERSION = YES;
				CLANG_WARN_CONSTANT_CONVERSION = YES;
				CLANG_WARN_DIRECT_OBJC_ISA_USAGE = YES_ERROR;
				CLANG_WARN_EMPTY_BODY = YES;
				CLANG_WARN_ENUM_CONVERSION = YES;
				CLANG_WARN_INT_CONVERSION = YES;
				CLANG_WARN_OBJC_ROOT_CLASS = YES_ERROR;
				CLANG_WARN_UNREACHABLE_CODE = YES;
				CLANG_WARN__DUPLICATE_METHOD_MATCH = YES;
				"CODE_SIGN_IDENTITY[sdk=iphoneos*]" = "iPhone Developer";
				COPY_PHASE_STRIP = NO;
				DEBUG_INFORMATION_FORMAT = "dwarf-with-dsym";
				ENABLE_NS_ASSERTIONS = NO;
				ENABLE_STRICT_OBJC_MSGSEND = YES;
				GCC_C_LANGUAGE_STANDARD = gnu99;
				GCC_NO_COMMON_BLOCKS = YES;
				GCC_WARN_64_TO_32_BIT_CONVERSION = YES;
				GCC_WARN_ABOUT_RETURN_TYPE = YES_ERROR;
				GCC_WARN_UNDECLARED_SELECTOR = YES;
				GCC_WARN_UNINITIALIZED_AUTOS = YES_AGGRESSIVE;
				GCC_WARN_UNUSED_FUNCTION = YES;
				GCC_WARN_UNUSED_VARIABLE = YES;
				IPHONEOS_DEPLOYMENT_TARGET = 9.3;
				MTL_ENABLE_DEBUG_INFO = NO;
				SDKROOT = iphoneos;
				TARGETED_DEVICE_FAMILY = "1,2";
				VALIDATE_PRODUCT = YES;
			};
			name = Release;
		};
		B53FDA1B1D62050A00AD8549 /* Debug */ = {
			isa = XCBuildConfiguration;
			buildSettings = {
				ASSETCATALOG_COMPILER_APPICON_NAME = AppIcon;
				ASSETCATALOG_COMPILER_LAUNCHIMAGE_NAME = LaunchImage;
				INFOPLIST_FILE = WeiBo_Swift/Info.plist;
				IPHONEOS_DEPLOYMENT_TARGET = 7.0;
				LD_RUNPATH_SEARCH_PATHS = "$(inherited) @executable_path/Frameworks";
				PRODUCT_BUNDLE_IDENTIFIER = "com.v.tech.WeiBo-Swift";
				PRODUCT_NAME = "$(TARGET_NAME)";
			};
			name = Debug;
		};
		B53FDA1C1D62050A00AD8549 /* Release */ = {
			isa = XCBuildConfiguration;
			buildSettings = {
				ASSETCATALOG_COMPILER_APPICON_NAME = AppIcon;
				ASSETCATALOG_COMPILER_LAUNCHIMAGE_NAME = LaunchImage;
				INFOPLIST_FILE = WeiBo_Swift/Info.plist;
				IPHONEOS_DEPLOYMENT_TARGET = 7.0;
				LD_RUNPATH_SEARCH_PATHS = "$(inherited) @executable_path/Frameworks";
				PRODUCT_BUNDLE_IDENTIFIER = "com.v.tech.WeiBo-Swift";
				PRODUCT_NAME = "$(TARGET_NAME)";
			};
			name = Release;
		};
		B53FDA1E1D62050A00AD8549 /* Debug */ = {
			isa = XCBuildConfiguration;
			buildSettings = {
				BUNDLE_LOADER = "$(TEST_HOST)";
				INFOPLIST_FILE = WeiBo_SwiftTests/Info.plist;
				LD_RUNPATH_SEARCH_PATHS = "$(inherited) @executable_path/Frameworks @loader_path/Frameworks";
				PRODUCT_BUNDLE_IDENTIFIER = "com.v.tech.WeiBo-SwiftTests";
				PRODUCT_NAME = "$(TARGET_NAME)";
				TEST_HOST = "$(BUILT_PRODUCTS_DIR)/WeiBo_Swift.app/WeiBo_Swift";
			};
			name = Debug;
		};
		B53FDA1F1D62050A00AD8549 /* Release */ = {
			isa = XCBuildConfiguration;
			buildSettings = {
				BUNDLE_LOADER = "$(TEST_HOST)";
				INFOPLIST_FILE = WeiBo_SwiftTests/Info.plist;
				LD_RUNPATH_SEARCH_PATHS = "$(inherited) @executable_path/Frameworks @loader_path/Frameworks";
				PRODUCT_BUNDLE_IDENTIFIER = "com.v.tech.WeiBo-SwiftTests";
				PRODUCT_NAME = "$(TARGET_NAME)";
				TEST_HOST = "$(BUILT_PRODUCTS_DIR)/WeiBo_Swift.app/WeiBo_Swift";
			};
			name = Release;
		};
		B53FDA211D62050A00AD8549 /* Debug */ = {
			isa = XCBuildConfiguration;
			buildSettings = {
				INFOPLIST_FILE = WeiBo_SwiftUITests/Info.plist;
				LD_RUNPATH_SEARCH_PATHS = "$(inherited) @executable_path/Frameworks @loader_path/Frameworks";
				PRODUCT_BUNDLE_IDENTIFIER = "com.v.tech.WeiBo-SwiftUITests";
				PRODUCT_NAME = "$(TARGET_NAME)";
				TEST_TARGET_NAME = WeiBo_Swift;
			};
			name = Debug;
		};
		B53FDA221D62050A00AD8549 /* Release */ = {
			isa = XCBuildConfiguration;
			buildSettings = {
				INFOPLIST_FILE = WeiBo_SwiftUITests/Info.plist;
				LD_RUNPATH_SEARCH_PATHS = "$(inherited) @executable_path/Frameworks @loader_path/Frameworks";
				PRODUCT_BUNDLE_IDENTIFIER = "com.v.tech.WeiBo-SwiftUITests";
				PRODUCT_NAME = "$(TARGET_NAME)";
				TEST_TARGET_NAME = WeiBo_Swift;
			};
			name = Release;
		};
/* End XCBuildConfiguration section */

/* Begin XCConfigurationList section */
		B53FD9ED1D62050A00AD8549 /* Build configuration list for PBXProject "WeiBo_Swift" */ = {
			isa = XCConfigurationList;
			buildConfigurations = (
				B53FDA181D62050A00AD8549 /* Debug */,
				B53FDA191D62050A00AD8549 /* Release */,
			);
			defaultConfigurationIsVisible = 0;
			defaultConfigurationName = Release;
		};
		B53FDA1A1D62050A00AD8549 /* Build configuration list for PBXNativeTarget "WeiBo_Swift" */ = {
			isa = XCConfigurationList;
			buildConfigurations = (
				B53FDA1B1D62050A00AD8549 /* Debug */,
				B53FDA1C1D62050A00AD8549 /* Release */,
			);
			defaultConfigurationIsVisible = 0;
		};
		B53FDA1D1D62050A00AD8549 /* Build configuration list for PBXNativeTarget "WeiBo_SwiftTests" */ = {
			isa = XCConfigurationList;
			buildConfigurations = (
				B53FDA1E1D62050A00AD8549 /* Debug */,
				B53FDA1F1D62050A00AD8549 /* Release */,
			);
			defaultConfigurationIsVisible = 0;
		};
		B53FDA201D62050A00AD8549 /* Build configuration list for PBXNativeTarget "WeiBo_SwiftUITests" */ = {
			isa = XCConfigurationList;
			buildConfigurations = (
				B53FDA211D62050A00AD8549 /* Debug */,
				B53FDA221D62050A00AD8549 /* Release */,
			);
			defaultConfigurationIsVisible = 0;
		};
/* End XCConfigurationList section */
	};
	rootObject = B53FD9EA1D62050A00AD8549 /* Project object */;
}
